{
  "name": "frida-compile",
  "version": "11.0.0",
  "lockfileVersion": 1,
  "requires": true,
  "dependencies": {
    "@frida/base64-js": {
      "version": "2.0.2",
      "resolved": "https://registry.npmjs.org/@frida/base64-js/-/base64-js-2.0.2.tgz",
      "integrity": "sha512-oGTGe4XMH7rF2Z1XocSATSaR3WOgLovQTaZW7i+SUDknSmJp/uRPca/uD0ynx1eTM3txWoixB67nOO39bchqFA=="
    },
    "@frida/buffer": {
      "version": "7.0.0",
      "resolved": "https://registry.npmjs.org/@frida/buffer/-/buffer-7.0.0.tgz",
      "integrity": "sha512-UnlU/wFLI653DG6Ka8L1JW8YBntMNNf1Yh916guuoO5UwLesOQZMikmHO30zvn10/Tu4EZJUoRAkJ9Fy9juE4A==",
      "requires": {
        "@frida/base64-js": "^2.0.2",
        "@frida/ieee754": "^2.0.1"
      }
    },
    "@frida/events": {
      "version": "4.0.0",
      "resolved": "https://registry.npmjs.org/@frida/events/-/events-4.0.0.tgz",
      "integrity": "sha512-Qy4EnooWJleNoeBjRZj70e/iU87MOT3E+miBkwcVYYG1qbaVFWoTm9Lqrgz5BJWevDHVg5+8cHfF8UOpx80qrQ=="
    },
    "@frida/ieee754": {
      "version": "2.0.1",
      "resolved": "https://registry.npmjs.org/@frida/ieee754/-/ieee754-2.0.1.tgz",
      "integrity": "sha512-Vvms2myRuGowdmpSS5CapVYM1Y1Lc1oZHjXD6TBDnT7y7N/J/88C2l8tVAAmscUvJ9qUR7wrHNwt4CadQSTVFQ=="
    },
    "@types/frida-gum": {
      "version": "17.1.0",
      "resolved": "https://registry.npmjs.org/@types/frida-gum/-/frida-gum-17.1.0.tgz",
      "integrity": "sha512-RXq0yw5Jp9BZqCIT8o4OaPJwt/nL4Ww60ny1MrzcO0Kiqw5L2QuftcB2eRRMdYQRn59hI4qzcdzilj5yklYz4w==",
      "dev": true
    },
    "@types/node": {
      "version": "16.7.10",
      "resolved": "https://registry.npmjs.org/@types/node/-/node-16.7.10.tgz",
      "integrity": "sha512-S63Dlv4zIPb8x6MMTgDq5WWRJQe56iBEY0O3SOFA9JrRienkOVDXSXBjjJw6HTNQYSE2JI6GMCR6LVbIMHJVvA==",
      "dev": true
    },
    "@types/sjcl": {
      "version": "1.0.30",
      "resolved": "https://registry.npmjs.org/@types/sjcl/-/sjcl-1.0.30.tgz",
      "integrity": "sha512-4ebBtj1rx3Kh3To5RnPua+U4JzVwH2MxUmHQvAlxWpzmfmupBRyyXAIEQceon+e5tW9aBeOApTYA6EXfBysRyQ==",
      "dev": true
    },
    "frida-fs": {
      "version": "4.0.0",
      "resolved": "https://registry.npmjs.org/frida-fs/-/frida-fs-4.0.0.tgz",
      "integrity": "sha512-wPR+fyM97G8aMWC+rkieFXcOj0q5dzJrc2Gk5w+O55LUP2kU0fz3gR286khw7r+X+1esuix4s4FogLYFK6VzLg=="
    },
    "sjcl": {
      "version": "1.0.8",
      "resolved": "https://registry.npmjs.org/sjcl/-/sjcl-1.0.8.tgz",
      "integrity": "sha512-LzIjEQ0S0DpIgnxMEayM1rq9aGwGRG4OnZhCdjx7glTaJtf4zRfpg87ImfjSJjoW9vKpagd82McDOwbRT5kQKQ==",
      "dev": true
    },
    "typescript": {
      "version": "4.4.2",
      "resolved": "https://registry.npmjs.org/typescript/-/typescript-4.4.2.tgz",
      "integrity": "sha512-gzP+t5W4hdy4c+68bfcv0t400HVJMMd2+H9B7gae1nQlBzCqvrXX+6GL/b3GAgyTH966pzrZ70/fRjwAtZksSQ==",
      "dev": true
    }
  }
}
