{
  "name": "frida-compile",
  "version": "11.0.0",
  "lockfileVersion": 1,
  "requires": true,
  "dependencies": {
    "@frida/assert": {
      "version": "3.0.1",
      "resolved": "https://registry.npmjs.org/@frida/assert/-/assert-3.0.1.tgz",
      "integrity": "sha512-gfrCOj4+UYGXJ6DIWsTaynj2kEJU4S4eIB8T7YhvM9xUyPuBfO2Kh13osHvQIhNUhbqhTtmjfCNeGRbimEfVdw=="
    },
    "@frida/base64-js": {
      "version": "2.0.2",
      "resolved": "https://registry.npmjs.org/@frida/base64-js/-/base64-js-2.0.2.tgz",
      "integrity": "sha512-oGTGe4XMH7rF2Z1XocSATSaR3WOgLovQTaZW7i+SUDknSmJp/uRPca/uD0ynx1eTM3txWoixB67nOO39bchqFA=="
    },
    "@frida/buffer": {
      "version": "7.0.1",
      "resolved": "https://registry.npmjs.org/@frida/buffer/-/buffer-7.0.1.tgz",
      "integrity": "sha512-fT02SQqw3CL/7e6ASPPXuf9xlngDS0Nre2hq8pt967tsbOsCWk9ApXFb/308H5Q7GVIPwzlslOn/5Rh7EMEvNA==",
      "requires": {
        "@frida/base64-js": "^2.0.2",
        "@frida/ieee754": "^2.0.1"
      }
    },
    "@frida/events": {
      "version": "4.0.1",
      "resolved": "https://registry.npmjs.org/@frida/events/-/events-4.0.1.tgz",
      "integrity": "sha512-7vhW3ENDnV88a9FddOVReoHMExej2YTQYnaFNkw1CPVCRpjpvC4tK+Kwkh0Hyd0nd+yD+nmpyYSYRhujtust8A=="
    },
    "@frida/ieee754": {
      "version": "2.0.1",
      "resolved": "https://registry.npmjs.org/@frida/ieee754/-/ieee754-2.0.1.tgz",
      "integrity": "sha512-Vvms2myRuGowdmpSS5CapVYM1Y1Lc1oZHjXD6TBDnT7y7N/J/88C2l8tVAAmscUvJ9qUR7wrHNwt4CadQSTVFQ=="
    },
    "@frida/os": {
      "version": "1.0.0",
      "resolved": "https://registry.npmjs.org/@frida/os/-/os-1.0.0.tgz",
      "integrity": "sha512-mP7RXqol4KJRm0EDmdnK5C4pcIg2T/ddRuUBTCqCitZkN2ZFgqxX1DTKVtK/aVZV2XEOcGwAZPeykAjKhddNsQ=="
    },
    "@frida/path": {
      "version": "2.0.1",
      "resolved": "https://registry.npmjs.org/@frida/path/-/path-2.0.1.tgz",
      "integrity": "sha512-uPMYITYPoJmyyg48ILPhgjpcKjvBIlENQBk7Bib64JChGBKKzLBcljZ2iMt8Tkoo0HQbLTiRHhzSS0FVYh0Ifg=="
    },
    "@frida/punycode": {
      "version": "3.0.0",
      "resolved": "https://registry.npmjs.org/@frida/punycode/-/punycode-3.0.0.tgz",
      "integrity": "sha512-XVSDY2KamDs1D5/fTVgHcOSNxdU4kTboxzqJMBbTjcQC7XScIT9c0EfbwKCq7Kci6gWQdsHSCr7lU+9Oc4KAdg=="
    },
    "@frida/querystring": {
      "version": "1.0.0",
      "resolved": "https://registry.npmjs.org/@frida/querystring/-/querystring-1.0.0.tgz",
      "integrity": "sha512-15m1fOZPmoO/vWlgPJrG/J9/BJDz6a2/JpVGpS8ynNzo+fBhTznaStX5nHxUs24mVTqh/OqLo0EiYJM5WWHXxg=="
    },
    "@frida/readable-stream": {
      "version": "4.0.0",
      "resolved": "https://registry.npmjs.org/@frida/readable-stream/-/readable-stream-4.0.0.tgz",
      "integrity": "sha512-6e/zB17b3eQUCMet06rhIbob+ZG7k0/ttc+N7FNoMUTujgt1USkw/FjXWCyITdZEjoOvU1BNDsOtnNEnyVfPxg=="
    },
    "@frida/timers": {
      "version": "3.0.0",
      "resolved": "https://registry.npmjs.org/@frida/timers/-/timers-3.0.0.tgz",
      "integrity": "sha512-3b+0igv10aT8TMxefrTAd06rActqbxJLY2Xkkq9vYcPBffB/yHszl0NYIp/5ko8WC3ecDYPU6bQiY6fjs72zTA=="
    },
    "@frida/url": {
      "version": "1.0.0",
      "resolved": "https://registry.npmjs.org/@frida/url/-/url-1.0.0.tgz",
      "integrity": "sha512-W/rpUH4uSJOM9qwVjOIIxxSB0arpqqhqu/DIvIdWB+yzYWItK+Ipd3Jm/EzXYSzx3Udjqyi0JegIjPUyNAn/7w==",
      "requires": {
        "@frida/punycode": "^3.0.0",
        "@frida/querystring": "^1.0.0"
      }
    },
    "@frida/util": {
      "version": "1.0.0",
      "resolved": "https://registry.npmjs.org/@frida/util/-/util-1.0.0.tgz",
      "integrity": "sha512-H6tO4sriqgEd9rfEB6Iz9y6XLxWnJHclVomSWfICycxywn/8ngeq0ILrafdfWIK6FFqvfm34M1k8nPQ6X876fw=="
    },
    "@frida/vm": {
      "version": "2.0.0",
      "resolved": "https://registry.npmjs.org/@frida/vm/-/vm-2.0.0.tgz",
      "integrity": "sha512-7fsjLWscZT5odNIBtg6qbLNI+vAk1xmii6H5W2kaYkMYt0vRohQEcDSUWacA+eaWlu5SvMjZI82Yibj/3G9pJw=="
    },
    "@types/frida-gum": {
      "version": "17.1.1",
      "resolved": "https://registry.npmjs.org/@types/frida-gum/-/frida-gum-17.1.1.tgz",
      "integrity": "sha512-kYR2iuGZAc2WdsXH4ceEzSS2eN0gpMtAz2Zh31H+Mm8C3Qz6r12DqfOW966EpzMv3WwQw3Th7N7znj9H2UT6lg==",
      "dev": true
    },
    "@types/node": {
      "version": "16.10.2",
      "resolved": "https://registry.npmjs.org/@types/node/-/node-16.10.2.tgz",
      "integrity": "sha512-zCclL4/rx+W5SQTzFs9wyvvyCwoK9QtBpratqz2IYJ3O8Umrn0m3nsTv0wQBk9sRGpvUe9CwPDrQFB10f1FIjQ==",
      "dev": true
    },
    "@types/sjcl": {
      "version": "1.0.30",
      "resolved": "https://registry.npmjs.org/@types/sjcl/-/sjcl-1.0.30.tgz",
      "integrity": "sha512-4ebBtj1rx3Kh3To5RnPua+U4JzVwH2MxUmHQvAlxWpzmfmupBRyyXAIEQceon+e5tW9aBeOApTYA6EXfBysRyQ==",
      "dev": true
    },
    "frida-fs": {
      "version": "4.0.0",
      "resolved": "https://registry.npmjs.org/frida-fs/-/frida-fs-4.0.0.tgz",
      "integrity": "sha512-wPR+fyM97G8aMWC+rkieFXcOj0q5dzJrc2Gk5w+O55LUP2kU0fz3gR286khw7r+X+1esuix4s4FogLYFK6VzLg=="
    },
    "sjcl": {
      "version": "1.0.8",
      "resolved": "https://registry.npmjs.org/sjcl/-/sjcl-1.0.8.tgz",
      "integrity": "sha512-LzIjEQ0S0DpIgnxMEayM1rq9aGwGRG4OnZhCdjx7glTaJtf4zRfpg87ImfjSJjoW9vKpagd82McDOwbRT5kQKQ==",
      "dev": true
    },
    "typescript": {
      "version": "4.4.3",
      "resolved": "https://registry.npmjs.org/typescript/-/typescript-4.4.3.tgz",
      "integrity": "sha512-4xfscpisVgqqDfPaJo5vkd+Qd/ItkoagnHpufr+i2QCHBsNYp+G7UAoyFl8aPtx879u38wPV65rZ8qbGZijalA==",
      "dev": true
    }
  }
}
